
Microsoft Visual Studio Solution File, Format Version 12.00
# Visual Studio Version 17
VisualStudioVersion = 17.6.33815.320
MinimumVisualStudioVersion = 10.0.40219.1
Project("{FAE04EC0-301F-11D3-BF4B-00C04F79EFBC}") = "GAGitHubBasics_DanielMinty", "GAGitHubBasics_DanielMinty\GAGitHubBasics_DanielMinty.csproj", "{6E2D4E37-DAFC-417F-9B9D-89049CD724EF}"
EndProject
Global
	GlobalSection(SolutionConfigurationPlatforms) = preSolution
		Debug|Any CPU = Debug|Any CPU
		Release|Any CPU = Release|Any CPU
	EndGlobalSection
	GlobalSection(ProjectConfigurationPlatforms) = postSolution
		{6E2D4E37-DAFC-417F-9B9D-89049CD724EF}.Debug|Any CPU.ActiveCfg = Debug|Any CPU
		{6E2D4E37-DAFC-417F-9B9D-89049CD724EF}.Debug|Any CPU.Build.0 = Debug|Any CPU
		{6E2D4E37-DAFC-417F-9B9D-89049CD724EF}.Release|Any CPU.ActiveCfg = Release|Any CPU
		{6E2D4E37-DAFC-417F-9B9D-89049CD724EF}.Release|Any CPU.Build.0 = Release|Any CPU
	EndGlobalSection
	GlobalSection(SolutionProperties) = preSolution
		HideSolutionNode = FALSE
	EndGlobalSection
	GlobalSection(ExtensibilityGlobals) = postSolution
		SolutionGuid = {9539CB4F-CEEC-43E7-ADD7-2059940249DD}
	EndGlobalSection
EndGlobal
